
Microsoft Visual Studio Solution File, Format Version 12.00
# Visual Studio Version 16
VisualStudioVersion = 16.0.30804.86
MinimumVisualStudioVersion = 10.0.40219.1
Project("{FAE04EC0-301F-11D3-BF4B-00C04F79EFBC}") = "App6.Android", "App6\App6.Android\App6.Android.csproj", "{DFECC047-D7EB-4F17-B166-C5BB6B03EAC1}"
EndProject
Project("{FAE04EC0-301F-11D3-BF4B-00C04F79EFBC}") = "App6.iOS", "App6\App6.iOS\App6.iOS.csproj", "{4EE63FFE-900D-4F4A-B246-DAC4AB5C9164}"
EndProject
Project("{FAE04EC0-301F-11D3-BF4B-00C04F79EFBC}") = "App6", "App6\App6\App6.csproj", "{BAED65C2-1553-40A9-A9AD-ACB0C7086E63}"
EndProject
Global
	GlobalSection(SolutionConfigurationPlatforms) = preSolution
		Debug|Any CPU = Debug|Any CPU
		Debug|iPhone = Debug|iPhone
		Debug|iPhoneSimulator = Debug|iPhoneSimulator
		Release|Any CPU = Release|Any CPU
		Release|iPhone = Release|iPhone
		Release|iPhoneSimulator = Release|iPhoneSimulator
	EndGlobalSection
	GlobalSection(ProjectConfigurationPlatforms) = postSolution
		{DFECC047-D7EB-4F17-B166-C5BB6B03EAC1}.Debug|Any CPU.ActiveCfg = Debug|Any CPU
		{DFECC047-D7EB-4F17-B166-C5BB6B03EAC1}.Debug|Any CPU.Build.0 = Debug|Any CPU
		{DFECC047-D7EB-4F17-B166-C5BB6B03EAC1}.Debug|Any CPU.Deploy.0 = Debug|Any CPU
		{DFECC047-D7EB-4F17-B166-C5BB6B03EAC1}.Debug|iPhone.ActiveCfg = Debug|Any CPU
		{DFECC047-D7EB-4F17-B166-C5BB6B03EAC1}.Debug|iPhone.Build.0 = Debug|Any CPU
		{DFECC047-D7EB-4F17-B166-C5BB6B03EAC1}.Debug|iPhone.Deploy.0 = Debug|Any CPU
		{DFECC047-D7EB-4F17-B166-C5BB6B03EAC1}.Debug|iPhoneSimulator.ActiveCfg = Debug|Any CPU
		{DFECC047-D7EB-4F17-B166-C5BB6B03EAC1}.Debug|iPhoneSimulator.Build.0 = Debug|Any CPU
		{DFECC047-D7EB-4F17-B166-C5BB6B03EAC1}.Debug|iPhoneSimulator.Deploy.0 = Debug|Any CPU
		{DFECC047-D7EB-4F17-B166-C5BB6B03EAC1}.Release|Any CPU.ActiveCfg = Release|Any CPU
		{DFECC047-D7EB-4F17-B166-C5BB6B03EAC1}.Release|Any CPU.Build.0 = Release|Any CPU
		{DFECC047-D7EB-4F17-B166-C5BB6B03EAC1}.Release|Any CPU.Deploy.0 = Release|Any CPU
		{DFECC047-D7EB-4F17-B166-C5BB6B03EAC1}.Release|iPhone.ActiveCfg = Release|Any CPU
		{DFECC047-D7EB-4F17-B166-C5BB6B03EAC1}.Release|iPhone.Build.0 = Release|Any CPU
		{DFECC047-D7EB-4F17-B166-C5BB6B03EAC1}.Release|iPhone.Deploy.0 = Release|Any CPU
		{DFECC047-D7EB-4F17-B166-C5BB6B03EAC1}.Release|iPhoneSimulator.ActiveCfg = Release|Any CPU
		{DFECC047-D7EB-4F17-B166-C5BB6B03EAC1}.Release|iPhoneSimulator.Build.0 = Release|Any CPU
		{DFECC047-D7EB-4F17-B166-C5BB6B03EAC1}.Release|iPhoneSimulator.Deploy.0 = Release|Any CPU
		{4EE63FFE-900D-4F4A-B246-DAC4AB5C9164}.Debug|Any CPU.ActiveCfg = Debug|iPhone
		{4EE63FFE-900D-4F4A-B246-DAC4AB5C9164}.Debug|Any CPU.Build.0 = Debug|iPhone
		{4EE63FFE-900D-4F4A-B246-DAC4AB5C9164}.Debug|Any CPU.Deploy.0 = Debug|iPhone
		{4EE63FFE-900D-4F4A-B246-DAC4AB5C9164}.Debug|iPhone.ActiveCfg = Debug|iPhone
		{4EE63FFE-900D-4F4A-B246-DAC4AB5C9164}.Debug|iPhone.Build.0 = Debug|iPhone
		{4EE63FFE-900D-4F4A-B246-DAC4AB5C9164}.Debug|iPhone.Deploy.0 = Debug|iPhone
		{4EE63FFE-900D-4F4A-B246-DAC4AB5C9164}.Debug|iPhoneSimulator.ActiveCfg = Debug|iPhoneSimulator
		{4EE63FFE-900D-4F4A-B246-DAC4AB5C9164}.Debug|iPhoneSimulator.Build.0 = Debug|iPhoneSimulator
		{4EE63FFE-900D-4F4A-B246-DAC4AB5C9164}.Debug|iPhoneSimulator.Deploy.0 = Debug|iPhoneSimulator
		{4EE63FFE-900D-4F4A-B246-DAC4AB5C9164}.Release|Any CPU.ActiveCfg = Release|iPhoneSimulator
		{4EE63FFE-900D-4F4A-B246-DAC4AB5C9164}.Release|Any CPU.Build.0 = Release|iPhoneSimulator
		{4EE63FFE-900D-4F4A-B246-DAC4AB5C9164}.Release|Any CPU.Deploy.0 = Release|iPhoneSimulator
		{4EE63FFE-900D-4F4A-B246-DAC4AB5C9164}.Release|iPhone.ActiveCfg = Release|iPhone
		{4EE63FFE-900D-4F4A-B246-DAC4AB5C9164}.Release|iPhone.Build.0 = Release|iPhone
		{4EE63FFE-900D-4F4A-B246-DAC4AB5C9164}.Release|iPhone.Deploy.0 = Release|iPhone
		{4EE63FFE-900D-4F4A-B246-DAC4AB5C9164}.Release|iPhoneSimulator.ActiveCfg = Release|iPhoneSimulator
		{4EE63FFE-900D-4F4A-B246-DAC4AB5C9164}.Release|iPhoneSimulator.Build.0 = Release|iPhoneSimulator
		{4EE63FFE-900D-4F4A-B246-DAC4AB5C9164}.Release|iPhoneSimulator.Deploy.0 = Release|iPhoneSimulator
		{BAED65C2-1553-40A9-A9AD-ACB0C7086E63}.Debug|Any CPU.ActiveCfg = Debug|Any CPU
		{BAED65C2-1553-40A9-A9AD-ACB0C7086E63}.Debug|Any CPU.Build.0 = Debug|Any CPU
		{BAED65C2-1553-40A9-A9AD-ACB0C7086E63}.Debug|Any CPU.Deploy.0 = Debug|Any CPU
		{BAED65C2-1553-40A9-A9AD-ACB0C7086E63}.Debug|iPhone.ActiveCfg = Debug|Any CPU
		{BAED65C2-1553-40A9-A9AD-ACB0C7086E63}.Debug|iPhone.Build.0 = Debug|Any CPU
		{BAED65C2-1553-40A9-A9AD-ACB0C7086E63}.Debug|iPhone.Deploy.0 = Debug|Any CPU
		{BAED65C2-1553-40A9-A9AD-ACB0C7086E63}.Debug|iPhoneSimulator.ActiveCfg = Debug|Any CPU
		{BAED65C2-1553-40A9-A9AD-ACB0C7086E63}.Debug|iPhoneSimulator.Build.0 = Debug|Any CPU
		{BAED65C2-1553-40A9-A9AD-ACB0C7086E63}.Debug|iPhoneSimulator.Deploy.0 = Debug|Any CPU
		{BAED65C2-1553-40A9-A9AD-ACB0C7086E63}.Release|Any CPU.ActiveCfg = Release|Any CPU
		{BAED65C2-1553-40A9-A9AD-ACB0C7086E63}.Release|Any CPU.Build.0 = Release|Any CPU
		{BAED65C2-1553-40A9-A9AD-ACB0C7086E63}.Release|Any CPU.Deploy.0 = Release|Any CPU
		{BAED65C2-1553-40A9-A9AD-ACB0C7086E63}.Release|iPhone.ActiveCfg = Release|Any CPU
		{BAED65C2-1553-40A9-A9AD-ACB0C7086E63}.Release|iPhone.Build.0 = Release|Any CPU
		{BAED65C2-1553-40A9-A9AD-ACB0C7086E63}.Release|iPhone.Deploy.0 = Release|Any CPU
		{BAED65C2-1553-40A9-A9AD-ACB0C7086E63}.Release|iPhoneSimulator.ActiveCfg = Release|Any CPU
		{BAED65C2-1553-40A9-A9AD-ACB0C7086E63}.Release|iPhoneSimulator.Build.0 = Release|Any CPU
		{BAED65C2-1553-40A9-A9AD-ACB0C7086E63}.Release|iPhoneSimulator.Deploy.0 = Release|Any CPU
	EndGlobalSection
	GlobalSection(SolutionProperties) = preSolution
		HideSolutionNode = FALSE
	EndGlobalSection
	GlobalSection(ExtensibilityGlobals) = postSolution
		SolutionGuid = {74A54386-1A44-44E7-ACA7-DFBCEC795408}
	EndGlobalSection
EndGlobal
